{
  "name": "smp-sim-harness",
  "lockfileVersion": 3,
  "requires": true,
  "packages": {
    "": {
      "name": "smp-sim-harness",
      "dependencies": {
        "@dumbmatter/idb": "8.0.0",
        "ajv": "8.20.0",
        "facesjs": "5.0.3",
        "json-web-streams": "1.1.0",
        "just-clone": "6.2.0",
        "promise-worker-bi": "5.0.2",
        "zod": "4.4.3"
      }
    },
    "node_modules/@dumbmatter/idb": {
      "version": "8.0.0",
      "resolved": "https://registry.npmjs.org/@dumbmatter/idb/-/idb-8.0.0.tgz",
      "integrity": "sha512-7s09eccKmZSLox4Ee3jRawcDKhVgsivvwaIrYS4kZH22u1iIszB+M5wbJGTFTUMNlYCw/1ez0NyOZ0fAM9+bRA==",
      "license": "ISC"
    },
    "node_modules/@standard-schema/spec": {
      "version": "1.1.0",
      "resolved": "https://registry.npmjs.org/@standard-schema/spec/-/spec-1.1.0.tgz",
      "integrity": "sha512-l2aFy5jALhniG5HgqrD6jXLi/rUWrKvqN/qJx6yoJsgKhblVd+iqqU4RCXavm/jPityDo5TCvKMnpjKnOriy0w==",
      "license": "MIT"
    },
    "node_modules/ajv": {
      "version": "8.20.0",
      "resolved": "https://registry.npmjs.org/ajv/-/ajv-8.20.0.tgz",
      "integrity": "sha512-Thbli+OlOj+iMPYFBVBfJ3OmCAnaSyNn4M1vz9T6Gka5Jt9ba/HIR56joy65tY6kx/FCF5VXNB819Y7/GUrBGA==",
      "license": "MIT",
      "dependencies": {
        "fast-deep-equal": "^3.1.3",
        "fast-uri": "^3.0.1",
        "json-schema-traverse": "^1.0.0",
        "require-from-string": "^2.0.2"
      },
      "funding": {
        "type": "github",
        "url": "https://github.com/sponsors/epoberezkin"
      }
    },
    "node_modules/dlv": {
      "version": "1.1.3",
      "resolved": "https://registry.npmjs.org/dlv/-/dlv-1.1.3.tgz",
      "integrity": "sha512-+HlytyjlPKnIG8XuRG8WvmBP8xs8P71y+SKKS6ZXWoEgLuePxtDoUEiH7WkdePWrQ5JBpE6aoVqfZfJUQkjXwA==",
      "license": "MIT"
    },
    "node_modules/dset": {
      "version": "3.1.4",
      "resolved": "https://registry.npmjs.org/dset/-/dset-3.1.4.tgz",
      "integrity": "sha512-2QF/g9/zTaPDc3BjNcVTGoBbXBgYfMTTceLaYcFJ/W9kggFUkhxD/hMEeuLKbugyef9SqAx8cpgwlIP/jinUTA==",
      "license": "MIT",
      "engines": {
        "node": ">=4"
      }
    },
    "node_modules/facesjs": {
      "version": "5.0.3",
      "resolved": "https://registry.npmjs.org/facesjs/-/facesjs-5.0.3.tgz",
      "integrity": "sha512-oOlOcjkjgkc9bl8v8bBUSC7h5uTiw33xkUm75i5I84iz6U3TmaJEJZD+k49ksYGAJ8GQ1jETg4ImrIN8LMS8cA==",
      "license": "Apache-2.0",
      "dependencies": {
        "dlv": "^1.1.3",
        "dset": "^3.1.4",
        "svg-path-bbox": "^2.0.0"
      },
      "bin": {
        "facesjs": "build/cli.js"
      },
      "peerDependencies": {
        "react": ">=18.0.0",
        "react-dom": ">=18.0.0"
      },
      "peerDependenciesMeta": {
        "react": {
          "optional": true
        },
        "react-dom": {
          "optional": true
        }
      }
    },
    "node_modules/fast-deep-equal": {
      "version": "3.1.3",
      "resolved": "https://registry.npmjs.org/fast-deep-equal/-/fast-deep-equal-3.1.3.tgz",
      "integrity": "sha512-f3qQ9oQy9j2AhBe/H9VC91wLmKBCCU/gDOnKNAYG5hswO7BLKj09Hc5HYNz9cGI++xlpDCIgDaitVs03ATR84Q==",
      "license": "MIT"
    },
    "node_modules/fast-uri": {
      "version": "3.1.5",
      "resolved": "https://registry.npmjs.org/fast-uri/-/fast-uri-3.1.5.tgz",
      "integrity": "sha512-gHwA1O9LDIcKunMKhObS/HimwtehO1nPUECKAu5TpKgaO19fcWEl4bliWe1jWxVFvIXztJjjQ4L8XQ1EU9f7Jw==",
      "funding": [
        {
          "type": "github",
          "url": "https://github.com/sponsors/fastify"
        },
        {
          "type": "opencollective",
          "url": "https://opencollective.com/fastify"
        }
      ],
      "license": "BSD-3-Clause"
    },
    "node_modules/json-schema-traverse": {
      "version": "1.0.0",
      "resolved": "https://registry.npmjs.org/json-schema-traverse/-/json-schema-traverse-1.0.0.tgz",
      "integrity": "sha512-NM8/P9n3XjXhIZn1lLhkFaACTOURQXjWhV4BA/RnOv8xvgqtqpAX9IO4mRQxSx1Rlo4tqzeqb0sOlruaOy3dug==",
      "license": "MIT"
    },
    "node_modules/json-web-streams": {
      "version": "1.1.0",
      "resolved": "https://registry.npmjs.org/json-web-streams/-/json-web-streams-1.1.0.tgz",
      "integrity": "sha512-cxxuu1eaxg+aiM4tOmhFJqyI33YzS/97JdwEj56bIMAgpl+dG3sPrw8WQrhQodWDck1eUbYqQFIXtlZGoTRHbw==",
      "license": "Apache-2.0",
      "dependencies": {
        "@standard-schema/spec": "^1.0.0",
        "jsonpath-rfc9535": "^1.3.0"
      },
      "engines": {
        "node": ">=22",
        "pnpm": "^10.0.0"
      }
    },
    "node_modules/jsonpath-rfc9535": {
      "version": "1.3.0",
      "resolved": "https://registry.npmjs.org/jsonpath-rfc9535/-/jsonpath-rfc9535-1.3.0.tgz",
      "integrity": "sha512-3jFHya7oZ45aDxIIdx+/zQARahHXxFSMWBkcBUldfXpLS9VCXDJyTKt35kQfEXLqh0K3Ixw/9xFnvcDStaxh7Q==",
      "license": "Apache-2.0",
      "engines": {
        "node": ">=20"
      }
    },
    "node_modules/just-clone": {
      "version": "6.2.0",
      "resolved": "https://registry.npmjs.org/just-clone/-/just-clone-6.2.0.tgz",
      "integrity": "sha512-1IynUYEc/HAwxhi3WDpIpxJbZpMCvvrrmZVqvj9EhpvbH8lls7HhdhiByjL7DkAaWlLIzpC0Xc/VPvy/UxLNjA==",
      "license": "MIT"
    },
    "node_modules/promise-worker-bi": {
      "version": "5.0.2",
      "resolved": "https://registry.npmjs.org/promise-worker-bi/-/promise-worker-bi-5.0.2.tgz",
      "integrity": "sha512-m6p4rmhF/Unn/i4vhV7rj7k6kKmX7eUkyUup8N+Jm8ja8gnj0AzBdsQx7FvR8sGHkFO0C2xMnr1MCEVG3TTiVA==",
      "license": "Apache-2.0"
    },
    "node_modules/require-from-string": {
      "version": "2.0.2",
      "resolved": "https://registry.npmjs.org/require-from-string/-/require-from-string-2.0.2.tgz",
      "integrity": "sha512-Xf0nWe6RseziFMu+Ap9biiUbmplq6S9/p+7w7YXP/JBHhrUDDUhwa+vANyubuqfZWTveU//DYVGsDG7RKL/vEw==",
      "license": "MIT",
      "engines": {
        "node": ">=0.10.0"
      }
    },
    "node_modules/svg-path-bbox": {
      "version": "2.1.0",
      "resolved": "https://registry.npmjs.org/svg-path-bbox/-/svg-path-bbox-2.1.0.tgz",
      "integrity": "sha512-PEoSQFbBvL7FOCE4cN8Knej6L7bXdNkjPcUYsfMMpq0HpnqiO0sE2mcXTd7LX160aOyh5HbaeN/SoY8thMk5Kg==",
      "license": "BSD-3-Clause",
      "dependencies": {
        "svgpath": "^2.6.0"
      },
      "bin": {
        "svg-path-bbox": "src/cli.js"
      },
      "engines": {
        "node": ">=6.17.1"
      }
    },
    "node_modules/svgpath": {
      "version": "2.6.0",
      "resolved": "https://registry.npmjs.org/svgpath/-/svgpath-2.6.0.tgz",
      "integrity": "sha512-OIWR6bKzXvdXYyO4DK/UWa1VA1JeKq8E+0ug2DG98Y/vOmMpfZNj+TIG988HjfYSqtcy/hFOtZq/n/j5GSESNg==",
      "license": "MIT",
      "funding": {
        "url": "https://github.com/fontello/svg2ttf?sponsor=1"
      }
    },
    "node_modules/zod": {
      "version": "4.4.3",
      "resolved": "https://registry.npmjs.org/zod/-/zod-4.4.3.tgz",
      "integrity": "sha512-ytENFjIJFl2UwYglde2jchW2Hwm4GJFLDiSXWdTrJQBIN9Fcyp7n4DhxJEiWNAJMV1/BqWfW/kkg71UDcHJyTQ==",
      "license": "MIT",
      "funding": {
        "url": "https://github.com/sponsors/colinhacks"
      }
    }
  }
}
